<Project xmlns="http://schemas.microsoft.com/developer/msbuild/2003">
    <PropertyGroup>
        <ProjectGuid>{6BCC0916-FFF2-4772-8E0E-63F9B2735ADB}</ProjectGuid>
        <ProjectVersion>16.1</ProjectVersion>
        <MainSource>Inmosys.dpr</MainSource>
        <Config Condition="'$(Config)'==''">Debug</Config>
        <DCC_DCCCompiler>DCC32</DCC_DCCCompiler>
        <Base>True</Base>
        <TargetedPlatforms>1</TargetedPlatforms>
        <AppType>Application</AppType>
        <FrameworkType>VCL</FrameworkType>
        <Platform Condition="'$(Platform)'==''">Win32</Platform>
    </PropertyGroup>
    <PropertyGroup Condition="'$(Config)'=='Base' or '$(Base)'!=''">
        <Base>true</Base>
    </PropertyGroup>
    <PropertyGroup Condition="('$(Platform)'=='Win32' and '$(Base)'=='true') or '$(Base_Win32)'!=''">
        <Base_Win32>true</Base_Win32>
        <CfgParent>Base</CfgParent>
        <Base>true</Base>
    </PropertyGroup>
    <PropertyGroup Condition="('$(Platform)'=='Win64' and '$(Base)'=='true') or '$(Base_Win64)'!=''">
        <Base_Win64>true</Base_Win64>
        <CfgParent>Base</CfgParent>
        <Base>true</Base>
    </PropertyGroup>
    <PropertyGroup Condition="'$(Config)'=='Release' or '$(Cfg_1)'!=''">
        <Cfg_1>true</Cfg_1>
        <CfgParent>Base</CfgParent>
        <Base>true</Base>
    </PropertyGroup>
    <PropertyGroup Condition="('$(Platform)'=='Win32' and '$(Cfg_1)'=='true') or '$(Cfg_1_Win32)'!=''">
        <Cfg_1_Win32>true</Cfg_1_Win32>
        <CfgParent>Cfg_1</CfgParent>
        <Cfg_1>true</Cfg_1>
        <Base>true</Base>
    </PropertyGroup>
    <PropertyGroup Condition="'$(Config)'=='Debug' or '$(Cfg_2)'!=''">
        <Cfg_2>true</Cfg_2>
        <CfgParent>Base</CfgParent>
        <Base>true</Base>
    </PropertyGroup>
    <PropertyGroup Condition="('$(Platform)'=='Win32' and '$(Cfg_2)'=='true') or '$(Cfg_2_Win32)'!=''">
        <Cfg_2_Win32>true</Cfg_2_Win32>
        <CfgParent>Cfg_2</CfgParent>
        <Cfg_2>true</Cfg_2>
        <Base>true</Base>
    </PropertyGroup>
    <PropertyGroup Condition="'$(Base)'!=''">
        <VCL_Custom_Styles>Luna|VCLSTYLE|$(PUBLIC)\Documents\Embarcadero\Studio\15.0\Styles\Luna.vsf;Obsidian|VCLSTYLE|$(PUBLIC)\Documents\Embarcadero\Studio\15.0\Styles\Obsidian.vsf;Silver|VCLSTYLE|$(PUBLIC)\Documents\Embarcadero\Studio\15.0\Styles\Silver.vsf</VCL_Custom_Styles>
        <VerInfo_Locale>11274</VerInfo_Locale>
        <VerInfo_Keys>CompanyName=;FileDescription=;FileVersion=1.0.0.0;InternalName=;LegalCopyright=;LegalTrademarks=;OriginalFilename=;ProductName=;ProductVersion=1.0.0.0;Comments=</VerInfo_Keys>
        <SanitizedProjectName>Inmosys</SanitizedProjectName>
        <DCC_Namespace>Vcl;Vcl.Imaging;Vcl.Touch;Vcl.Samples;Vcl.Shell;System;Xml;Data;Datasnap;Web;Soap;IBX;Winapi;System.Win;$(DCC_Namespace)</DCC_Namespace>
        <ImageDebugInfo>true</ImageDebugInfo>
        <DCC_DebugInfoInExe>true</DCC_DebugInfoInExe>
        <DCC_UnitSearchPath>C:\Carpeta de restauracion\traido de flexxus\nICOLAS\Delphi 2010\bpl;$(DCC_UnitSearchPath)</DCC_UnitSearchPath>
        <DCC_ExeOutput>..\out\</DCC_ExeOutput>
        <DCC_UsePackage>vcl;rtl;vclx;vclimg;vclactnband;dbrtl;vcldb;vcldbx;bdertl;vcltouch;xmlrtl;dsnap;dsnapcon;TeeUI;TeeDB;Tee;vclib;ibxpress;adortl;IndyCore;IndySystem;IndyProtocols;inet;intrawebdb_100_140;Intraweb_100_140;VclSmp;vclie;websnap;webdsnap;inetdb;inetdbbde;inetdbxpress;soaprtl;vclribbon;dbexpress;DbxCommonDriver;DataSnapIndy10ServerTransport;DataSnapProviderClient;DbxClientDriver;DataSnapServer;DBXInterBaseDriver;DBXMySQLDriver;dbxcds;DBXFirebirdDriver;DBXSybaseASEDriver;DBXSybaseASADriver;DBXOracleDriver;DBXMSSQLDriver;DBXInformixDriver;DBXDb2Driver;Rave77VCL;AH_COMP14;$(DCC_UsePackage)</DCC_UsePackage>
        <DCC_DcpOutput>..\dcu\</DCC_DcpOutput>
        <DCC_DependencyCheckOutputName>..\out\Inmosys.exe</DCC_DependencyCheckOutputName>
        <DCC_ImageBase>00400000</DCC_ImageBase>
        <DCC_Platform>x86</DCC_Platform>
        <DCC_E>false</DCC_E>
        <DCC_N>false</DCC_N>
        <DCC_S>false</DCC_S>
        <DCC_F>false</DCC_F>
        <DCC_K>false</DCC_K>
    </PropertyGroup>
    <PropertyGroup Condition="'$(Base_Win32)'!=''">
        <VerInfo_IncludeVerInfo>true</VerInfo_IncludeVerInfo>
        <Icon_MainIcon>Inmosys_Icon.ico</Icon_MainIcon>
        <VerInfo_Locale>1033</VerInfo_Locale>
        <Manifest_File>$(BDS)\bin\default_app.manifest</Manifest_File>
        <DCC_Namespace>Data.Win;Datasnap.Win;Web.Win;Soap.Win;Xml.Win;Bde;$(DCC_Namespace)</DCC_Namespace>
    </PropertyGroup>
    <PropertyGroup Condition="'$(Base_Win64)'!=''">
        <Icon_MainIcon>Inmosys_Icon.ico</Icon_MainIcon>
        <Manifest_File>$(BDS)\bin\default_app.manifest</Manifest_File>
    </PropertyGroup>
    <PropertyGroup Condition="'$(Cfg_1)'!=''">
        <DCC_LocalDebugSymbols>false</DCC_LocalDebugSymbols>
        <DCC_Define>RELEASE;$(DCC_Define)</DCC_Define>
        <DCC_SymbolReferenceInfo>0</DCC_SymbolReferenceInfo>
        <DCC_DebugInformation>0</DCC_DebugInformation>
    </PropertyGroup>
    <PropertyGroup Condition="'$(Cfg_1_Win32)'!=''">
        <UsePackages>true</UsePackages>
        <Manifest_File>None</Manifest_File>
        <VerInfo_Locale>1033</VerInfo_Locale>
        <VerInfo_IncludeVerInfo>true</VerInfo_IncludeVerInfo>
    </PropertyGroup>
    <PropertyGroup Condition="'$(Cfg_2)'!=''">
        <DCC_Define>DEBUG;$(DCC_Define)</DCC_Define>
    </PropertyGroup>
    <PropertyGroup Condition="'$(Cfg_2_Win32)'!=''">
        <DCC_UnitSearchPath>C:\Importante\Komponents\Delphi XE7\jcl-master-XE7\source\windows;C:\Importante\Komponents\Delphi XE7\jcl-master-XE7\source\include;C:\Importante\Komponents\Delphi XE7\jcl-master-XE7\source\common</DCC_UnitSearchPath>
        <VerInfo_IncludeVerInfo>true</VerInfo_IncludeVerInfo>
        <VerInfo_Locale>1033</VerInfo_Locale>
    </PropertyGroup>
    <ItemGroup>
        <DelphiCompile Include="$(MainSource)">
            <MainSource>MainSource</MainSource>
        </DelphiCompile>
        <DCCReference Include="..\frm\frmdatos.pas">
            <Form>DM</Form>
            <DesignClass>TDataModule</DesignClass>
        </DCCReference>
        <DCCReference Include="..\frm\frmlogin.pas">
            <Form>frmClave</Form>
        </DCCReference>
        <DCCReference Include="..\frm\frmprincipal.pas">
            <Form>fPrincipal</Form>
        </DCCReference>
        <DCCReference Include="..\unit\Declaraciones.pas"/>
        <DCCReference Include="..\unit\Funciones.pas"/>
        <DCCReference Include="..\frm\frmInmuebles.pas">
            <Form>fInmuebles</Form>
        </DCCReference>
        <DCCReference Include="..\frm\frmMovimientosCtactePropietario.pas">
            <Form>fMovimientosCtaCtePropietario</Form>
        </DCCReference>
        <DCCReference Include="..\frm\voDispositivos.pas">
            <Form>fmDispositivos</Form>
        </DCCReference>
        <DCCReference Include="..\unit\Graficos.pas"/>
        <DCCReference Include="..\frm\frmABMCtaCtePropietarios.pas">
            <Form>fAbMCtaCtePropietarios</Form>
        </DCCReference>
        <DCCReference Include="..\frm\frmautomatizacion.pas">
            <Form>fAutomatizacion</Form>
        </DCCReference>
        <DCCReference Include="..\frm\frmgenautom.pas">
            <Form>fgenautom</Form>
        </DCCReference>
        <DCCReference Include="..\frm\frmmovimientos.pas">
            <Form>fMovimientos</Form>
        </DCCReference>
        <DCCReference Include="..\frm\frmABMNovedades.pas">
            <Form>fAbmNovedades</Form>
        </DCCReference>
        <DCCReference Include="..\frm\frmnotas.pas">
            <Form>fNotas</Form>
        </DCCReference>
        <DCCReference Include="..\frm\frmnotaswindows.pas">
            <Form>fNotaWindows</Form>
        </DCCReference>
        <DCCReference Include="..\frm\recrinm.pas">
            <Form>frecrinm</Form>
        </DCCReference>
        <DCCReference Include="..\frm\recsinmvta.pas">
            <Form>frecSinmvta</Form>
        </DCCReference>
        <DCCReference Include="..\frm\frmReciboLocatarioSaliente.pas">
            <Form>FReciboLocatarioSaliente</Form>
        </DCCReference>
        <DCCReference Include="..\frm\recrinmvta.pas">
            <Form>frecrinmvta</Form>
        </DCCReference>
        <DCCReference Include="..\frm\liqin.pas">
            <Form>FrmLiquidacionInquilinos</Form>
        </DCCReference>
        <DCCReference Include="..\frm\frmConfirmacionFacturas.pas">
            <Form>fConfirmacionFacturas</Form>
        </DCCReference>
        <DCCReference Include="..\frm\ABMPorcentajesCobro.pas">
            <Form>fABMPorcentajeCobroImpuestos</Form>
        </DCCReference>
        <DCCReference Include="..\frm\frmFacturaA.pas">
            <Form>FFacturaA</Form>
        </DCCReference>
        <DCCReference Include="..\frm\frmLiquidacionParaPropietarios.pas">
            <Form>FrmLiquidacionPropietarios</Form>
        </DCCReference>
        <DCCReference Include="..\frm\frmNuevaAsignacionPorcentajes.pas">
            <Form>fPorcentajesCobro</Form>
        </DCCReference>
        <DCCReference Include="..\frm\frmPlanillaCaja.pas">
            <Form>fPlanillaCaja</Form>
        </DCCReference>
        <DCCReference Include="..\frm\frmCambioAlquiler.pas">
            <Form>fCambioAlquiler</Form>
        </DCCReference>
        <DCCReference Include="..\frm\frmRubrosDatosFijos.pas">
            <Form>FRubroDatosFijos</Form>
        </DCCReference>
        <DCCReference Include="..\frm\frmframeCajas.pas">
            <Form>fraCaja</Form>
            <DesignClass>TFrame</DesignClass>
        </DCCReference>
        <DCCReference Include="..\frm\frmImpuestosPendientes.pas">
            <Form>fImpuestosPendientes</Form>
        </DCCReference>
        <DCCReference Include="..\frm\frmLibroIVAVentas.pas">
            <Form>fLibroIVAVentas</Form>
        </DCCReference>
        <DCCReference Include="..\frm\frmLiquidacionesHistoricas.pas">
            <Form>fLiquidacionesHistoricas</Form>
        </DCCReference>
        <DCCReference Include="..\frm\frmclavecaja.pas">
            <Form>fClaveCaja</Form>
        </DCCReference>
        <DCCReference Include="..\frm\objLiquidaciones.pas"/>
        <DCCReference Include="..\frm\frmABMUsuarios.pas">
            <Form>fAbmUsuarios</Form>
        </DCCReference>
        <DCCReference Include="..\frm\frmSobres.pas">
            <Form>FSobres</Form>
        </DCCReference>
        <DCCReference Include="..\frm\frmHistorialCaja.pas">
            <Form>fHistorialCaja</Form>
        </DCCReference>
        <DCCReference Include="..\frm\frmCierresCaja.pas">
            <Form>fCierresCaja</Form>
        </DCCReference>
        <DCCReference Include="..\frm\frmListadoDeudaPropietarios.pas">
            <Form>fListadoDeudaPropietarios</Form>
        </DCCReference>
        <DCCReference Include="..\frm\frmMovimientosCtacte.pas">
            <Form>fMovimientosCtaCte</Form>
        </DCCReference>
        <DCCReference Include="..\frm\frmABMCtaCteInquilinos.pas">
            <Form>fAbMCtaCteInquilinos</Form>
        </DCCReference>
        <DCCReference Include="..\frm\frmHistorialEntregaLiquidaciones.pas">
            <Form>fHistorialEntregaLiquidaciones</Form>
        </DCCReference>
        <DCCReference Include="..\frm\frmListadoComisionesCobradas.pas">
            <Form>fListadoComisionesCobradas</Form>
        </DCCReference>
        <DCCReference Include="..\frm\frmHistorialCobroInquilinos.pas">
            <Form>fHistorialCobroInquilinos</Form>
        </DCCReference>
        <DCCReference Include="..\frm\frmHistorialPagoInquilinos.pas">
            <Form>fHistorialPagoInquilinos</Form>
        </DCCReference>
        <DCCReference Include="..\frm\frmHistorialRetiroLiquidaciones.pas">
            <Form>fHistorialRetiroLiquidaciones</Form>
        </DCCReference>
        <DCCReference Include="..\frm\frmListadoDeudaInquilinos.pas">
            <Form>fListadoDeudaInquilinos</Form>
        </DCCReference>
        <DCCReference Include="..\frm\frmVerBackupDatos.pas">
            <Form>fVerBackupDatos</Form>
        </DCCReference>
        <DCCReference Include="..\frm\frmAlicuotasIVA.pas">
            <Form>fAlicuotasIVA</Form>
        </DCCReference>
        <DCCReference Include="..\frm\frmValeCaja.pas">
            <Form>fValeCaja</Form>
        </DCCReference>
        <DCCReference Include="..\frm\frmLiquidacionComisiones.pas">
            <Form>fLiquidacionComisiones</Form>
        </DCCReference>
        <DCCReference Include="..\frm\frmFacturaB.pas">
            <Form>FFacturaB</Form>
        </DCCReference>
        <DCCReference Include="..\frm\frmConfirmacionRecibos.pas">
            <Form>fConfirmacionRecibos</Form>
        </DCCReference>
        <DCCReference Include="..\frm\frmInformeReciboLiquidacion.pas">
            <Form>fInformeReciboLiquidacion</Form>
        </DCCReference>
        <DCCReference Include="..\frm\frmConsultaSobre.pas">
            <Form>fConsultarSobre</Form>
        </DCCReference>
        <DCCReference Include="..\frm\frmCompensarConcepto.pas">
            <Form>fCompensarConcepto</Form>
        </DCCReference>
        <DCCReference Include="..\frm\frmDatosFijos.pas">
            <Form>fDatosfijos</Form>
        </DCCReference>
        <DCCReference Include="..\frm\ABMImpuestosYServicios.pas">
            <Form>fABMImpuestosyServicios</Form>
        </DCCReference>
        <DCCReference Include="..\frm\frmNuevoImpuesto.pas">
            <Form>fNuevoImpuesto</Form>
        </DCCReference>
        <DCCReference Include="..\frm\frameInquilinos.pas">
            <Form>Frame1</Form>
            <DesignClass>TFrame</DesignClass>
        </DCCReference>
        <DCCReference Include="..\frm\ABMGeneracionMovimientos.pas">
            <Form>fABMGeneracionMovimientos</Form>
        </DCCReference>
        <DCCReference Include="..\frm\frmNuevoMovimientoImpuestos.pas">
            <Form>fNuevoMovimientoImpuestos</Form>
        </DCCReference>
        <DCCReference Include="..\frm\frmActualizacionContratosEscalonados.pas">
            <Form>fNuevoMovimientoImpuestos</Form>
        </DCCReference>
        <DCCReference Include="..\frm\frmProgreso.pas">
            <Form>fProgreso</Form>
        </DCCReference>
        <DCCReference Include="..\frm\frmCodigosBarras.pas">
            <Form>fCodigosBarras</Form>
        </DCCReference>
        <DCCReference Include="..\frm\frmModificacionRentas.pas">
            <Form>FModificacionRentas</Form>
        </DCCReference>
        <DCCReference Include="..\frm\frmCargaNovedades.pas">
            <Form>fCargaNovedades</Form>
        </DCCReference>
        <DCCReference Include="..\frm\frmABMInmuebles.pas">
            <Form>fAbmInmuebles</Form>
        </DCCReference>
        <DCCReference Include="..\frm\frmListadoCobrados.pas">
            <Form>fListadoCobrados</Form>
        </DCCReference>
        <DCCReference Include="..\frm\frmListadoComisiones.pas">
            <Form>fListadoComisiones</Form>
        </DCCReference>
        <DCCReference Include="..\frm\ABMActualizacionValores.pas">
            <Form>fABMActualizacionValores</Form>
        </DCCReference>
        <DCCReference Include="..\frm\ListadoImpuestosYServicios.pas">
            <Form>fListadoImpuestos</Form>
        </DCCReference>
        <DCCReference Include="..\frm\frmNuevaDevolucionDinero.pas">
            <Form>fNuevaDevolucionDinero</Form>
        </DCCReference>
        <DCCReference Include="..\frm\frmInformeImpuestosPagados.pas">
            <Form>fInformeImpuestosPagados</Form>
        </DCCReference>
        <DCCReference Include="..\frm\frmListadoImpuestosFiltrados.pas">
            <Form>fListadoImpuestosFiltrados</Form>
        </DCCReference>
        <DCCReference Include="..\frm\ABMImpuestosPagados.pas">
            <Form>fABMImpuestosPagados</Form>
        </DCCReference>
        <DCCReference Include="..\frm\frmNuevoCedulonPagado.pas">
            <Form>fNuevoCedulonPagado</Form>
        </DCCReference>
        <DCCReference Include="..\frm\frmComisionesEscalonadas.pas">
            <Form>frmComisiones</Form>
        </DCCReference>
        <DCCReference Include="..\frm\frmContratosEscalonados.pas">
            <Form>frmContratos</Form>
        </DCCReference>
        <DCCReference Include="..\frm\frmABMComisiones.pas">
            <Form>fAbmComisionesEscalonadas</Form>
        </DCCReference>
        <DCCReference Include="..\frm\frmGestionEmail.pas">
            <Form>fGestionEmail</Form>
        </DCCReference>
        <DCCReference Include="..\frm\objEnviarEmails.pas"/>
        <DCCReference Include="..\frm\frmConfiguracionMail.pas">
            <Form>fConfiguracionMail</Form>
        </DCCReference>
        <DCCReference Include="..\frm\frmMailPropietarios.pas">
            <Form>fMailAPropietarios</Form>
        </DCCReference>
        <DCCReference Include="..\frm\uGrillaClientDataSet.pas"/>
        <DCCReference Include="..\frm\frmABMDatosFijos.pas">
            <Form>fAbmDatosFijos</Form>
        </DCCReference>
        <DCCReference Include="..\frm\frmABMConfiguracionMails.pas">
            <Form>fAbmConfiguracionMails</Form>
        </DCCReference>
        <DCCReference Include="..\frm\frmABMRubrosDatosFijos.pas">
            <Form>fAbmRubrosDatosFijos</Form>
        </DCCReference>
        <DCCReference Include="..\frm\frmABMRazonesSociales.pas">
            <Form>fAbmRazonesSociales</Form>
        </DCCReference>
        <DCCReference Include="..\frm\frmAutomatizados.pas">
            <Form>fAutomatizados</Form>
        </DCCReference>
        <DCCReference Include="..\frm\frmNuevoIndicador.pas">
            <Form>FNuevoIndicador</Form>
        </DCCReference>
        <DCCReference Include="..\frm\frmAbmBase.pas">
            <Form>FABMBase</Form>
            <FormType>dfm</FormType>
        </DCCReference>
        <DCCReference Include="..\frm\frmABMContratos.pas">
            <Form>fAbmContratosEscalonados</Form>
            <FormType>dfm</FormType>
        </DCCReference>
        <DCCReference Include="..\unit\uImpresion.pas"/>
        <DCCReference Include="..\frm\frmABMSobres.pas">
            <Form>fAbmSobres</Form>
            <FormType>dfm</FormType>
        </DCCReference>
        <DCCReference Include="..\frm\frmUsuarios.pas">
            <Form>FUsuarios</Form>
            <FormType>dfm</FormType>
        </DCCReference>
        <DCCReference Include="..\frm\frmNuevoRubroIndicador.pas">
            <Form>fNuevoRubroIndicador</Form>
            <FormType>dfm</FormType>
        </DCCReference>
        <DCCReference Include="..\frm\frmABMRubrosIndicadores.pas">
            <Form>fABMRubrosIndicadores</Form>
            <FormType>dfm</FormType>
        </DCCReference>
        <DCCReference Include="..\frm\frmNuevaCatetgoriaVale.pas">
            <Form>fNuevaCategoriaVale</Form>
            <FormType>dfm</FormType>
        </DCCReference>
        <DCCReference Include="..\frm\frmVales.pas">
            <Form>FVales</Form>
            <FormType>dfm</FormType>
        </DCCReference>
        <DCCReference Include="..\frm\frmABMCategoriasVales.pas">
            <Form>fABMCategoriasVales</Form>
            <FormType>dfm</FormType>
        </DCCReference>
        <DCCReference Include="..\frm\frmRazonesSociales.pas">
            <Form>FRazonesSociales</Form>
            <FormType>dfm</FormType>
        </DCCReference>
        <DCCReference Include="..\frm\frmActualizacionValores.pas">
            <Form>FActualizacionValores</Form>
            <FormType>dfm</FormType>
        </DCCReference>
        <DCCReference Include="..\frm\frmTablero.pas">
            <Form>FTablero</Form>
            <FormType>dfm</FormType>
        </DCCReference>
        <DCCReference Include="..\frm\frmABMCajas.pas">
            <Form>fABMCajas</Form>
            <FormType>dfm</FormType>
        </DCCReference>
        <DCCReference Include="..\frm\frmABMIndicadores.pas">
            <Form>fABMIndicadores</Form>
            <FormType>dfm</FormType>
        </DCCReference>
        <DCCReference Include="..\frm\frmNuevaCaja.pas">
            <Form>fNuevaCaja</Form>
            <FormType>dfm</FormType>
        </DCCReference>
        <DCCReference Include="..\frm\frmCubrirValesSaldoAlquiler.pas">
            <Form>fCubrirValesSaldoAlquiler</Form>
            <FormType>dfm</FormType>
        </DCCReference>
        <DCCReference Include="..\frm\frmAnomalias.pas">
            <Form>fAnomalias</Form>
            <FormType>dfm</FormType>
        </DCCReference>
        <DCCReference Include="..\frm\frmMovimientosCaja.pas">
            <Form>fMovimientosCaja</Form>
            <FormType>dfm</FormType>
        </DCCReference>
        <DCCReference Include="..\frm\frmRecibosPendientes.pas">
            <Form>fRecibosPendientes</Form>
            <FormType>dfm</FormType>
        </DCCReference>
        <DCCReference Include="..\frm\frmModificacionRecuperoGastos.pas">
            <Form>FModificacionGastosRecupero</Form>
            <FormType>dfm</FormType>
        </DCCReference>
        <DCCReference Include="..\frm\frmLimpiarHistoriaPropiedad.pas">
            <Form>fLimpiarHistoriaPropiedad</Form>
            <FormType>dfm</FormType>
        </DCCReference>
        <DCCReference Include="..\frm\recsinm.pas">
            <Form>frecsinm</Form>
            <FormType>dfm</FormType>
        </DCCReference>
        <DCCReference Include="..\frm\frmReciboDevolucion.pas">
            <Form>FReciboDevolucion</Form>
            <FormType>dfm</FormType>
        </DCCReference>
        <DCCReference Include="..\frm\frmMovimientosVale.pas">
            <Form>fMovimientosVale</Form>
            <FormType>dfm</FormType>
        </DCCReference>
        <DCCReference Include="..\frm\frmRecuperarHistorico.pas">
            <Form>FRecuperarHistorico</Form>
            <FormType>dfm</FormType>
        </DCCReference>
        <DCCReference Include="..\frm\frmPasarHistorico.pas">
            <Form>fPasarHistorico</Form>
            <FormType>dfm</FormType>
        </DCCReference>
        <DCCReference Include="..\frm\frmValeDepositos.pas">
            <Form>fValeDepositos</Form>
            <FormType>dfm</FormType>
        </DCCReference>
        <DCCReference Include="..\frm\frmABMVales.pas">
            <Form>fABMVales</Form>
            <FormType>dfm</FormType>
        </DCCReference>
        <DCCReference Include="..\frm\frmRecuperarHistoricoVales.pas">
            <Form>FRecuperarHistoricoVales</Form>
            <FormType>dfm</FormType>
        </DCCReference>
        <DCCReference Include="..\frm\frmPasarHistoricoVales.pas">
            <Form>FPasarHistoricoVales</Form>
            <FormType>dfm</FormType>
        </DCCReference>
        <DCCReference Include="..\frm\frmRecibosHistoricos.pas">
            <Form>fRecibosHistoricos</Form>
            <FormType>dfm</FormType>
        </DCCReference>
        <DCCReference Include="..\frm\frmABMMovimientos.pas">
            <Form>fAbmMovimientos</Form>
            <FormType>dfm</FormType>
        </DCCReference>
        <DCCReference Include="..\frm\frmHistorialMovimientos.pas">
            <Form>fHistorialMovimientos</Form>
            <FormType>dfm</FormType>
        </DCCReference>
        <DCCReference Include="..\frm\frmCubrirVales.pas">
            <Form>fCubrirVales</Form>
            <FormType>dfm</FormType>
        </DCCReference>
        <DCCReference Include="..\frm\frmCubrirValesArreglos.pas">
            <Form>fCubrirValesArreglos</Form>
            <FormType>dfm</FormType>
        </DCCReference>
        <DCCReference Include="..\frm\frmListadoLiquidados.pas">
            <Form>fListadoLiquidados</Form>
            <FormType>dfm</FormType>
        </DCCReference>
        <DCCReference Include="..\frm\frmListadoUltimoLiquidados.pas">
            <Form>fListadoUltimoLiquidados</Form>
            <FormType>dfm</FormType>
        </DCCReference>
        <DCCReference Include="..\unit\voEHandler.pas"/>
        <DCCReference Include="..\unit\Mapi.SendMail.pas"/>
        <DCCReference Include="..\frm\frmNuevoCedulon.pas">
            <Form>fAsignacionBoletas</Form>
            <FormType>dfm</FormType>
        </DCCReference>
        <DCCReference Include="..\frm\frmDeudaImpuestos.pas">
            <Form>fDeudaImpuestos</Form>
            <FormType>dfm</FormType>
        </DCCReference>
        <DCCReference Include="..\frm\ABMIdentificacionImpuestos.pas">
            <Form>fABMIdentificacionImpuestos</Form>
            <FormType>dfm</FormType>
        </DCCReference>
        <DCCReference Include="..\frm\frmABMIndicesActualizacion.pas">
            <Form>fAbmIndicesActualizacion</Form>
            <FormType>dfm</FormType>
        </DCCReference>
        <DCCReference Include="..\frm\frmNuevoIndice.pas">
            <Form>FNuevoIndice</Form>
            <FormType>dfm</FormType>
        </DCCReference>
        <DCCReference Include="..\frm\frmBackupDatos.pas">
            <Form>fBackupDatos</Form>
            <FormType>dfm</FormType>
        </DCCReference>
        <BuildConfiguration Include="Debug">
            <Key>Cfg_2</Key>
            <CfgParent>Base</CfgParent>
        </BuildConfiguration>
        <BuildConfiguration Include="Base">
            <Key>Base</Key>
        </BuildConfiguration>
        <BuildConfiguration Include="Release">
            <Key>Cfg_1</Key>
            <CfgParent>Base</CfgParent>
        </BuildConfiguration>
    </ItemGroup>
    <Import Project="$(BDS)\Bin\CodeGear.Delphi.Targets" Condition="Exists('$(BDS)\Bin\CodeGear.Delphi.Targets')"/>
    <ProjectExtensions>
        <Borland.Personality>Delphi.Personality.12</Borland.Personality>
        <Borland.ProjectType/>
        <BorlandProject>
            <Delphi.Personality>
                <Source>
                    <Source Name="MainSource">Inmosys.dpr</Source>
                </Source>
                <Parameters>
                    <Parameters Name="UseLauncher">False</Parameters>
                    <Parameters Name="LoadAllSymbols">True</Parameters>
                    <Parameters Name="LoadUnspecifiedSymbols">False</Parameters>
                </Parameters>
                <VersionInfo>
                    <VersionInfo Name="IncludeVerInfo">False</VersionInfo>
                    <VersionInfo Name="AutoIncBuild">False</VersionInfo>
                    <VersionInfo Name="MajorVer">1</VersionInfo>
                    <VersionInfo Name="MinorVer">0</VersionInfo>
                    <VersionInfo Name="Release">0</VersionInfo>
                    <VersionInfo Name="Build">0</VersionInfo>
                    <VersionInfo Name="Debug">False</VersionInfo>
                    <VersionInfo Name="PreRelease">False</VersionInfo>
                    <VersionInfo Name="Special">False</VersionInfo>
                    <VersionInfo Name="Private">False</VersionInfo>
                    <VersionInfo Name="DLL">False</VersionInfo>
                    <VersionInfo Name="Locale">11274</VersionInfo>
                    <VersionInfo Name="CodePage">1252</VersionInfo>
                </VersionInfo>
                <VersionInfoKeys>
                    <VersionInfoKeys Name="CompanyName"/>
                    <VersionInfoKeys Name="FileDescription"/>
                    <VersionInfoKeys Name="FileVersion">1.0.0.0</VersionInfoKeys>
                    <VersionInfoKeys Name="InternalName"/>
                    <VersionInfoKeys Name="LegalCopyright"/>
                    <VersionInfoKeys Name="LegalTrademarks"/>
                    <VersionInfoKeys Name="OriginalFilename"/>
                    <VersionInfoKeys Name="ProductName"/>
                    <VersionInfoKeys Name="ProductVersion">1.0.0.0</VersionInfoKeys>
                    <VersionInfoKeys Name="Comments"/>
                </VersionInfoKeys>
                <Excluded_Packages>
                    <Excluded_Packages Name="C:\Users\Public\Documents\Embarcadero\Studio\15.0\Bpl\dclcxSchedulerTreeBrowserRS21.bpl">ExpressScheduler tree browser by Developer Express Inc.</Excluded_Packages>
                    <Excluded_Packages Name="$(BDSBIN)\dcloffice2k210.bpl">Microsoft Office 2000 Sample Automation Server Wrapper Components</Excluded_Packages>
                    <Excluded_Packages Name="$(BDSBIN)\dclofficexp210.bpl">Microsoft Office XP Sample Automation Server Wrapper Components</Excluded_Packages>
                </Excluded_Packages>
            </Delphi.Personality>
            <ModelSupport>False</ModelSupport>
            <Platforms>
                <Platform value="Win32">True</Platform>
                <Platform value="Win64">False</Platform>
            </Platforms>
            <Deployment>
                <DeployFile LocalName="..\out\Inmosys.exe" Configuration="Debug" Class="ProjectOutput">
                    <Platform Name="Win32">
                        <RemoteName>Inmosys.exe</RemoteName>
                        <Overwrite>true</Overwrite>
                    </Platform>
                </DeployFile>
                <DeployClass Required="true" Name="DependencyPackage">
                    <Platform Name="iOSDevice">
                        <Operation>1</Operation>
                        <Extensions>.dylib</Extensions>
                    </Platform>
                    <Platform Name="Win32">
                        <Operation>0</Operation>
                        <Extensions>.bpl</Extensions>
                    </Platform>
                    <Platform Name="OSX32">
                        <RemoteDir>Contents\MacOS</RemoteDir>
                        <Operation>1</Operation>
                        <Extensions>.dylib</Extensions>
                    </Platform>
                    <Platform Name="iOSSimulator">
                        <Operation>1</Operation>
                        <Extensions>.dylib</Extensions>
                    </Platform>
                </DeployClass>
                <DeployClass Name="DependencyModule">
                    <Platform Name="iOSDevice">
                        <Operation>1</Operation>
                        <Extensions>.dylib</Extensions>
                    </Platform>
                    <Platform Name="Win32">
                        <Operation>0</Operation>
                        <Extensions>.dll;.bpl</Extensions>
                    </Platform>
                    <Platform Name="OSX32">
                        <RemoteDir>Contents\MacOS</RemoteDir>
                        <Operation>1</Operation>
                        <Extensions>.dylib</Extensions>
                    </Platform>
                    <Platform Name="iOSSimulator">
                        <Operation>1</Operation>
                        <Extensions>.dylib</Extensions>
                    </Platform>
                </DeployClass>
                <DeployClass Name="iPad_Launch2048">
                    <Platform Name="iOSDevice">
                        <Operation>1</Operation>
                    </Platform>
                    <Platform Name="iOSSimulator">
                        <Operation>1</Operation>
                    </Platform>
                </DeployClass>
                <DeployClass Name="ProjectOSXInfoPList">
                    <Platform Name="OSX32">
                        <RemoteDir>Contents</RemoteDir>
                        <Operation>1</Operation>
                    </Platform>
                </DeployClass>
                <DeployClass Name="ProjectiOSDeviceDebug">
                    <Platform Name="iOSDevice">
                        <RemoteDir>..\$(PROJECTNAME).app.dSYM\Contents\Resources\DWARF</RemoteDir>
                        <Operation>1</Operation>
                    </Platform>
                </DeployClass>
                <DeployClass Name="Android_SplashImage470">
                    <Platform Name="Android">
                        <RemoteDir>res\drawable-normal</RemoteDir>
                        <Operation>1</Operation>
                    </Platform>
                </DeployClass>
                <DeployClass Name="AndroidLibnativeX86File">
                    <Platform Name="Android">
                        <RemoteDir>library\lib\x86</RemoteDir>
                        <Operation>1</Operation>
                    </Platform>
                </DeployClass>
                <DeployClass Name="ProjectiOSResource">
                    <Platform Name="iOSDevice">
                        <Operation>1</Operation>
                    </Platform>
                    <Platform Name="iOSSimulator">
                        <Operation>1</Operation>
                    </Platform>
                </DeployClass>
                <DeployClass Name="ProjectOSXEntitlements">
                    <Platform Name="OSX32">
                        <RemoteDir>../</RemoteDir>
                        <Operation>1</Operation>
                    </Platform>
                </DeployClass>
                <DeployClass Name="AndroidGDBServer">
                    <Platform Name="Android">
                        <RemoteDir>library\lib\armeabi-v7a</RemoteDir>
                        <Operation>1</Operation>
                    </Platform>
                </DeployClass>
                <DeployClass Name="iPhone_Launch640">
                    <Platform Name="iOSDevice">
                        <Operation>1</Operation>
                    </Platform>
                    <Platform Name="iOSSimulator">
                        <Operation>1</Operation>
                    </Platform>
                </DeployClass>
                <DeployClass Name="Android_SplashImage960">
                    <Platform Name="Android">
                        <RemoteDir>res\drawable-xlarge</RemoteDir>
                        <Operation>1</Operation>
                    </Platform>
                </DeployClass>
                <DeployClass Name="Android_LauncherIcon96">
                    <Platform Name="Android">
                        <RemoteDir>res\drawable-xhdpi</RemoteDir>
                        <Operation>1</Operation>
                    </Platform>
                </DeployClass>
                <DeployClass Name="iPhone_Launch320">
                    <Platform Name="iOSDevice">
                        <Operation>1</Operation>
                    </Platform>
                    <Platform Name="iOSSimulator">
                        <Operation>1</Operation>
                    </Platform>
                </DeployClass>
                <DeployClass Name="Android_LauncherIcon144">
                    <Platform Name="Android">
                        <RemoteDir>res\drawable-xxhdpi</RemoteDir>
                        <Operation>1</Operation>
                    </Platform>
                </DeployClass>
                <DeployClass Name="AndroidLibnativeMipsFile">
                    <Platform Name="Android">
                        <RemoteDir>library\lib\mips</RemoteDir>
                        <Operation>1</Operation>
                    </Platform>
                </DeployClass>
                <DeployClass Name="AndroidSplashImageDef">
                    <Platform Name="Android">
                        <RemoteDir>res\drawable</RemoteDir>
                        <Operation>1</Operation>
                    </Platform>
                </DeployClass>
                <DeployClass Name="DebugSymbols">
                    <Platform Name="OSX32">
                        <RemoteDir>Contents\MacOS</RemoteDir>
                        <Operation>1</Operation>
                    </Platform>
                    <Platform Name="iOSSimulator">
                        <Operation>1</Operation>
                    </Platform>
                    <Platform Name="Win32">
                        <Operation>0</Operation>
                    </Platform>
                </DeployClass>
                <DeployClass Name="DependencyFramework">
                    <Platform Name="OSX32">
                        <RemoteDir>Contents\MacOS</RemoteDir>
                        <Operation>1</Operation>
                        <Extensions>.framework</Extensions>
                    </Platform>
                    <Platform Name="Win32">
                        <Operation>0</Operation>
                    </Platform>
                </DeployClass>
                <DeployClass Name="Android_SplashImage426">
                    <Platform Name="Android">
                        <RemoteDir>res\drawable-small</RemoteDir>
                        <Operation>1</Operation>
                    </Platform>
                </DeployClass>
                <DeployClass Name="ProjectiOSEntitlements">
                    <Platform Name="iOSDevice">
                        <RemoteDir>../</RemoteDir>
                        <Operation>1</Operation>
                    </Platform>
                </DeployClass>
                <DeployClass Name="AdditionalDebugSymbols">
                    <Platform Name="OSX32">
                        <RemoteDir>Contents\MacOS</RemoteDir>
                        <Operation>1</Operation>
                    </Platform>
                    <Platform Name="iOSSimulator">
                        <Operation>1</Operation>
                    </Platform>
                    <Platform Name="Win32">
                        <RemoteDir>Contents\MacOS</RemoteDir>
                        <Operation>0</Operation>
                    </Platform>
                </DeployClass>
                <DeployClass Name="AndroidClassesDexFile">
                    <Platform Name="Android">
                        <RemoteDir>classes</RemoteDir>
                        <Operation>1</Operation>
                    </Platform>
                </DeployClass>
                <DeployClass Name="ProjectiOSInfoPList">
                    <Platform Name="iOSDevice">
                        <Operation>1</Operation>
                    </Platform>
                    <Platform Name="iOSSimulator">
                        <Operation>1</Operation>
                    </Platform>
                </DeployClass>
                <DeployClass Name="iPad_Launch1024">
                    <Platform Name="iOSDevice">
                        <Operation>1</Operation>
                    </Platform>
                    <Platform Name="iOSSimulator">
                        <Operation>1</Operation>
                    </Platform>
                </DeployClass>
                <DeployClass Name="Android_DefaultAppIcon">
                    <Platform Name="Android">
                        <RemoteDir>res\drawable</RemoteDir>
                        <Operation>1</Operation>
                    </Platform>
                </DeployClass>
                <DeployClass Name="ProjectOSXResource">
                    <Platform Name="OSX32">
                        <RemoteDir>Contents\Resources</RemoteDir>
                        <Operation>1</Operation>
                    </Platform>
                </DeployClass>
                <DeployClass Name="ProjectiOSDeviceResourceRules">
                    <Platform Name="iOSDevice">
                        <Operation>1</Operation>
                    </Platform>
                </DeployClass>
                <DeployClass Name="iPad_Launch768">
                    <Platform Name="iOSDevice">
                        <Operation>1</Operation>
                    </Platform>
                    <Platform Name="iOSSimulator">
                        <Operation>1</Operation>
                    </Platform>
                </DeployClass>
                <DeployClass Required="true" Name="ProjectOutput">
                    <Platform Name="iOSDevice">
                        <Operation>1</Operation>
                    </Platform>
                    <Platform Name="Android">
                        <RemoteDir>library\lib\armeabi-v7a</RemoteDir>
                        <Operation>1</Operation>
                    </Platform>
                    <Platform Name="Win32">
                        <Operation>0</Operation>
                    </Platform>
                    <Platform Name="OSX32">
                        <RemoteDir>Contents\MacOS</RemoteDir>
                        <Operation>1</Operation>
                    </Platform>
                    <Platform Name="iOSSimulator">
                        <Operation>1</Operation>
                    </Platform>
                </DeployClass>
                <DeployClass Name="AndroidLibnativeArmeabiFile">
                    <Platform Name="Android">
                        <RemoteDir>library\lib\armeabi</RemoteDir>
                        <Operation>1</Operation>
                    </Platform>
                </DeployClass>
                <DeployClass Name="Android_SplashImage640">
                    <Platform Name="Android">
                        <RemoteDir>res\drawable-large</RemoteDir>
                        <Operation>1</Operation>
                    </Platform>
                </DeployClass>
                <DeployClass Name="File">
                    <Platform Name="iOSDevice">
                        <Operation>0</Operation>
                    </Platform>
                    <Platform Name="Android">
                        <Operation>0</Operation>
                    </Platform>
                    <Platform Name="Win32">
                        <Operation>0</Operation>
                    </Platform>
                    <Platform Name="OSX32">
                        <RemoteDir>Contents\MacOS</RemoteDir>
                        <Operation>0</Operation>
                    </Platform>
                    <Platform Name="iOSSimulator">
                        <Operation>0</Operation>
                    </Platform>
                </DeployClass>
                <DeployClass Name="iPhone_Launch640x1136">
                    <Platform Name="iOSDevice">
                        <Operation>1</Operation>
                    </Platform>
                    <Platform Name="iOSSimulator">
                        <Operation>1</Operation>
                    </Platform>
                </DeployClass>
                <DeployClass Name="Android_LauncherIcon36">
                    <Platform Name="Android">
                        <RemoteDir>res\drawable-ldpi</RemoteDir>
                        <Operation>1</Operation>
                    </Platform>
                </DeployClass>
                <DeployClass Name="AndroidSplashStyles">
                    <Platform Name="Android">
                        <RemoteDir>res\values</RemoteDir>
                        <Operation>1</Operation>
                    </Platform>
                </DeployClass>
                <DeployClass Name="iPad_Launch1536">
                    <Platform Name="iOSDevice">
                        <Operation>1</Operation>
                    </Platform>
                    <Platform Name="iOSSimulator">
                        <Operation>1</Operation>
                    </Platform>
                </DeployClass>
                <DeployClass Name="Android_LauncherIcon48">
                    <Platform Name="Android">
                        <RemoteDir>res\drawable-mdpi</RemoteDir>
                        <Operation>1</Operation>
                    </Platform>
                </DeployClass>
                <DeployClass Name="Android_LauncherIcon72">
                    <Platform Name="Android">
                        <RemoteDir>res\drawable-hdpi</RemoteDir>
                        <Operation>1</Operation>
                    </Platform>
                </DeployClass>
                <DeployClass Name="ProjectAndroidManifest">
                    <Platform Name="Android">
                        <Operation>1</Operation>
                    </Platform>
                </DeployClass>
                <ProjectRoot Platform="Android" Name="$(PROJECTNAME)"/>
                <ProjectRoot Platform="iOSDevice" Name="$(PROJECTNAME).app"/>
                <ProjectRoot Platform="Win32" Name="$(PROJECTNAME)"/>
                <ProjectRoot Platform="OSX32" Name="$(PROJECTNAME).app"/>
                <ProjectRoot Platform="iOSSimulator" Name="$(PROJECTNAME).app"/>
                <ProjectRoot Platform="Win64" Name="$(PROJECTNAME)"/>
            </Deployment>
        </BorlandProject>
        <ProjectFileVersion>12</ProjectFileVersion>
    </ProjectExtensions>
    <Import Project="$(APPDATA)\Embarcadero\$(BDSAPPDATABASEDIR)\$(PRODUCTVERSION)\UserTools.proj" Condition="Exists('$(APPDATA)\Embarcadero\$(BDSAPPDATABASEDIR)\$(PRODUCTVERSION)\UserTools.proj')"/>
    <Import Project="$(MSBuildProjectName).deployproj" Condition="Exists('$(MSBuildProjectName).deployproj')"/>
</Project>
